
Microsoft Visual Studio Solution File, Format Version 12.00
# Visual Studio Version 17
VisualStudioVersion = 17.8.34316.72
MinimumVisualStudioVersion = 10.0.40219.1
Project("{FAE04EC0-301F-11D3-BF4B-00C04F79EFBC}") = "GTS", "GTS.csproj", "{9F820B37-D1B2-45F7-B40A-8F47965FC19C}"
EndProject
Global
	GlobalSection(SolutionConfigurationPlatforms) = preSolution
		Debug|Any CPU = Debug|Any CPU
		Release|Any CPU = Release|Any CPU
	EndGlobalSection
	GlobalSection(ProjectConfigurationPlatforms) = postSolution
		{9F820B37-D1B2-45F7-B40A-8F47965FC19C}.Debug|Any CPU.ActiveCfg = Debug|Any CPU
		{9F820B37-D1B2-45F7-B40A-8F47965FC19C}.Debug|Any CPU.Build.0 = Debug|Any CPU
		{9F820B37-D1B2-45F7-B40A-8F47965FC19C}.Release|Any CPU.ActiveCfg = Release|Any CPU
		{9F820B37-D1B2-45F7-B40A-8F47965FC19C}.Release|Any CPU.Build.0 = Release|Any CPU
	EndGlobalSection
	GlobalSection(SolutionProperties) = preSolution
		HideSolutionNode = FALSE
	EndGlobalSection
	GlobalSection(ExtensibilityGlobals) = postSolution
		SolutionGuid = {B880251D-80E5-45F5-89FD-95F7FB1E6E3E}
	EndGlobalSection
EndGlobal
